
Microsoft Visual Studio Solution File, Format Version 12.00
# Visual Studio Version 16
VisualStudioVersion = 16.0.30907.101
MinimumVisualStudioVersion = 10.0.40219.1
Project("{E24C65DC-7377-472B-9ABA-BC803B73C61A}") = "DW1A3-PROJ", ".", "{DFE50B7E-5216-4F77-A049-B1BEC9129E8B}"
	ProjectSection(WebsiteProperties) = preProject
		TargetFrameworkMoniker = ".NETFramework,Version%3Dv4.0"
		Debug.AspNetCompiler.VirtualPath = "/localhost_64347"
		Debug.AspNetCompiler.PhysicalPath = "..\DW1A3-PROJ\"
		Debug.AspNetCompiler.TargetPath = "PrecompiledWeb\localhost_64347\"
		Debug.AspNetCompiler.Updateable = "true"
		Debug.AspNetCompiler.ForceOverwrite = "true"
		Debug.AspNetCompiler.FixedNames = "false"
		Debug.AspNetCompiler.Debug = "True"
		Release.AspNetCompiler.VirtualPath = "/localhost_64347"
		Release.AspNetCompiler.PhysicalPath = "..\DW1A3-PROJ\"
		Release.AspNetCompiler.TargetPath = "PrecompiledWeb\localhost_64347\"
		Release.AspNetCompiler.Updateable = "true"
		Release.AspNetCompiler.ForceOverwrite = "true"
		Release.AspNetCompiler.FixedNames = "false"
		Release.AspNetCompiler.Debug = "False"
		VWDPort = "64347"
		SlnRelativePath = "..\DW1A3-PROJ\"
	EndProjectSection
EndProject
Global
	GlobalSection(SolutionConfigurationPlatforms) = preSolution
		Debug|Any CPU = Debug|Any CPU
	EndGlobalSection
	GlobalSection(ProjectConfigurationPlatforms) = postSolution
		{DFE50B7E-5216-4F77-A049-B1BEC9129E8B}.Debug|Any CPU.ActiveCfg = Debug|Any CPU
		{DFE50B7E-5216-4F77-A049-B1BEC9129E8B}.Debug|Any CPU.Build.0 = Debug|Any CPU
	EndGlobalSection
	GlobalSection(SolutionProperties) = preSolution
		HideSolutionNode = FALSE
	EndGlobalSection
	GlobalSection(ExtensibilityGlobals) = postSolution
		SolutionGuid = {BBD7F59C-CF57-46D2-AA21-1C9813009692}
	EndGlobalSection
EndGlobal
